
Microsoft Visual Studio Solution File, Format Version 12.00
# Visual Studio Version 17
VisualStudioVersion = 17.9.34714.143
MinimumVisualStudioVersion = 10.0.40219.1
Project("{9A19103F-16F7-4668-BE54-9A1E7A4F7556}") = "WebProFinal", "WebProFinal\WebProFinal.csproj", "{2EBF74FE-B93B-4C90-B3E3-441BE11C7F3D}"
EndProject
Global
	GlobalSection(SolutionConfigurationPlatforms) = preSolution
		Debug|Any CPU = Debug|Any CPU
		Release|Any CPU = Release|Any CPU
	EndGlobalSection
	GlobalSection(ProjectConfigurationPlatforms) = postSolution
		{2EBF74FE-B93B-4C90-B3E3-441BE11C7F3D}.Debug|Any CPU.ActiveCfg = Debug|Any CPU
		{2EBF74FE-B93B-4C90-B3E3-441BE11C7F3D}.Debug|Any CPU.Build.0 = Debug|Any CPU
		{2EBF74FE-B93B-4C90-B3E3-441BE11C7F3D}.Release|Any CPU.ActiveCfg = Release|Any CPU
		{2EBF74FE-B93B-4C90-B3E3-441BE11C7F3D}.Release|Any CPU.Build.0 = Release|Any CPU
	EndGlobalSection
	GlobalSection(SolutionProperties) = preSolution
		HideSolutionNode = FALSE
	EndGlobalSection
	GlobalSection(ExtensibilityGlobals) = postSolution
		        SolutionGuid = {5FB85B9F-E886-45CA-9B03-4225D9D9B2B7}
	EndGlobalSection
EndGlobal
